
Microsoft Visual Studio Solution File, Format Version 12.00
# Visual Studio 14
VisualStudioVersion = 14.0.25123.0
MinimumVisualStudioVersion = 10.0.40219.1
Project("{FAE04EC0-301F-11D3-BF4B-00C04F79EFBC}") = "ukad_testtask", "ukad_testtask\ukad_testtask.csproj", "{BAF439EE-A255-4EDF-B194-F675255D8262}"
EndProject
Project("{FAE04EC0-301F-11D3-BF4B-00C04F79EFBC}") = "tests", "tests\tests.csproj", "{DDC81F33-27CE-475B-B386-65A0E5B22DE8}"
EndProject
Global
	GlobalSection(SolutionConfigurationPlatforms) = preSolution
		Debug|Any CPU = Debug|Any CPU
		Release|Any CPU = Release|Any CPU
	EndGlobalSection
	GlobalSection(ProjectConfigurationPlatforms) = postSolution
		{BAF439EE-A255-4EDF-B194-F675255D8262}.Debug|Any CPU.ActiveCfg = Debug|Any CPU
		{BAF439EE-A255-4EDF-B194-F675255D8262}.Debug|Any CPU.Build.0 = Debug|Any CPU
		{BAF439EE-A255-4EDF-B194-F675255D8262}.Release|Any CPU.ActiveCfg = Release|Any CPU
		{BAF439EE-A255-4EDF-B194-F675255D8262}.Release|Any CPU.Build.0 = Release|Any CPU
		{DDC81F33-27CE-475B-B386-65A0E5B22DE8}.Debug|Any CPU.ActiveCfg = Debug|Any CPU
		{DDC81F33-27CE-475B-B386-65A0E5B22DE8}.Debug|Any CPU.Build.0 = Debug|Any CPU
		{DDC81F33-27CE-475B-B386-65A0E5B22DE8}.Release|Any CPU.ActiveCfg = Release|Any CPU
		{DDC81F33-27CE-475B-B386-65A0E5B22DE8}.Release|Any CPU.Build.0 = Release|Any CPU
	EndGlobalSection
	GlobalSection(SolutionProperties) = preSolution
		HideSolutionNode = FALSE
	EndGlobalSection
EndGlobal
